
Microsoft Visual Studio Solution File, Format Version 12.00
# Visual Studio Version 17
VisualStudioVersion = 17.9.34723.18
MinimumVisualStudioVersion = 10.0.40219.1
Project("{FAE04EC0-301F-11D3-BF4B-00C04F79EFBC}") = "WebApiCore", "WebApiCore\WebApiCore.csproj", "{F1D3C9FE-9C04-4025-BEE3-C1336DF77397}"
EndProject
Global
	GlobalSection(SolutionConfigurationPlatforms) = preSolution
		Debug|Any CPU = Debug|Any CPU
		Release|Any CPU = Release|Any CPU
	EndGlobalSection
	GlobalSection(ProjectConfigurationPlatforms) = postSolution
		{F1D3C9FE-9C04-4025-BEE3-C1336DF77397}.Debug|Any CPU.ActiveCfg = Debug|Any CPU
		{F1D3C9FE-9C04-4025-BEE3-C1336DF77397}.Debug|Any CPU.Build.0 = Debug|Any CPU
		{F1D3C9FE-9C04-4025-BEE3-C1336DF77397}.Release|Any CPU.ActiveCfg = Release|Any CPU
		{F1D3C9FE-9C04-4025-BEE3-C1336DF77397}.Release|Any CPU.Build.0 = Release|Any CPU
	EndGlobalSection
	GlobalSection(SolutionProperties) = preSolution
		HideSolutionNode = FALSE
	EndGlobalSection
	GlobalSection(ExtensibilityGlobals) = postSolution
		SolutionGuid = {CE32E2C8-342D-403D-99DD-6DB17A7F22BD}
	EndGlobalSection
EndGlobal
